
Microsoft Visual Studio Solution File, Format Version 12.00
# Visual Studio Version 17
VisualStudioVersion = 17.5.33424.131
MinimumVisualStudioVersion = 10.0.40219.1
Project("{9A19103F-16F7-4668-BE54-9A1E7A4F7556}") = "GDSViewer", "GDSViewer.csproj", "{C0082CCB-CC4F-44F8-A415-8E5A21666350}"
EndProject
Project("{2150E333-8FDC-42A3-9474-1A3956D46DE8}") = "tests", "tests", "{0AB3BF05-4346-4AA6-1389-037BE0695223}"
EndProject
Project("{FAE04EC0-301F-11D3-BF4B-00C04F79EFBC}") = "GDSViewer.Tests", "tests\GDSViewer.Tests.csproj", "{8E0247FB-171D-4D47-B79E-556EE53C58B4}"
EndProject
Project("{FAE04EC0-301F-11D3-BF4B-00C04F79EFBC}") = "GdsII", "GdsII\GdsII.csproj", "{C254FC0C-243F-44A9-9E5E-39D4B14BAC5E}"
EndProject
Project("{FAE04EC0-301F-11D3-BF4B-00C04F79EFBC}") = "GdsII.Cli", "GdsII.Cli\GdsII.Cli.csproj", "{ADDD46B3-FEEB-4545-BAD3-E4137FBF4D9C}"
EndProject
Global
	GlobalSection(SolutionConfigurationPlatforms) = preSolution
		Debug|Any CPU = Debug|Any CPU
		Debug|x64 = Debug|x64
		Debug|x86 = Debug|x86
		Release|Any CPU = Release|Any CPU
		Release|x64 = Release|x64
		Release|x86 = Release|x86
	EndGlobalSection
	GlobalSection(ProjectConfigurationPlatforms) = postSolution
		{C0082CCB-CC4F-44F8-A415-8E5A21666350}.Debug|Any CPU.ActiveCfg = Debug|Any CPU
		{C0082CCB-CC4F-44F8-A415-8E5A21666350}.Debug|Any CPU.Build.0 = Debug|Any CPU
		{C0082CCB-CC4F-44F8-A415-8E5A21666350}.Debug|x64.ActiveCfg = Debug|Any CPU
		{C0082CCB-CC4F-44F8-A415-8E5A21666350}.Debug|x64.Build.0 = Debug|Any CPU
		{C0082CCB-CC4F-44F8-A415-8E5A21666350}.Debug|x86.ActiveCfg = Debug|Any CPU
		{C0082CCB-CC4F-44F8-A415-8E5A21666350}.Debug|x86.Build.0 = Debug|Any CPU
		{C0082CCB-CC4F-44F8-A415-8E5A21666350}.Release|Any CPU.ActiveCfg = Release|Any CPU
		{C0082CCB-CC4F-44F8-A415-8E5A21666350}.Release|Any CPU.Build.0 = Release|Any CPU
		{C0082CCB-CC4F-44F8-A415-8E5A21666350}.Release|x64.ActiveCfg = Release|Any CPU
		{C0082CCB-CC4F-44F8-A415-8E5A21666350}.Release|x64.Build.0 = Release|Any CPU
		{C0082CCB-CC4F-44F8-A415-8E5A21666350}.Release|x86.ActiveCfg = Release|Any CPU
		{C0082CCB-CC4F-44F8-A415-8E5A21666350}.Release|x86.Build.0 = Release|Any CPU
		{8E0247FB-171D-4D47-B79E-556EE53C58B4}.Debug|Any CPU.ActiveCfg = Debug|Any CPU
		{8E0247FB-171D-4D47-B79E-556EE53C58B4}.Debug|Any CPU.Build.0 = Debug|Any CPU
		{8E0247FB-171D-4D47-B79E-556EE53C58B4}.Debug|x64.ActiveCfg = Debug|Any CPU
		{8E0247FB-171D-4D47-B79E-556EE53C58B4}.Debug|x64.Build.0 = Debug|Any CPU
		{8E0247FB-171D-4D47-B79E-556EE53C58B4}.Debug|x86.ActiveCfg = Debug|Any CPU
		{8E0247FB-171D-4D47-B79E-556EE53C58B4}.Debug|x86.Build.0 = Debug|Any CPU
		{8E0247FB-171D-4D47-B79E-556EE53C58B4}.Release|Any CPU.ActiveCfg = Release|Any CPU
		{8E0247FB-171D-4D47-B79E-556EE53C58B4}.Release|Any CPU.Build.0 = Release|Any CPU
		{8E0247FB-171D-4D47-B79E-556EE53C58B4}.Release|x64.ActiveCfg = Release|Any CPU
		{8E0247FB-171D-4D47-B79E-556EE53C58B4}.Release|x64.Build.0 = Release|Any CPU
		{8E0247FB-171D-4D47-B79E-556EE53C58B4}.Release|x86.ActiveCfg = Release|Any CPU
		{8E0247FB-171D-4D47-B79E-556EE53C58B4}.Release|x86.Build.0 = Release|Any CPU
		{C254FC0C-243F-44A9-9E5E-39D4B14BAC5E}.Debug|Any CPU.ActiveCfg = Debug|Any CPU
		{C254FC0C-243F-44A9-9E5E-39D4B14BAC5E}.Debug|Any CPU.Build.0 = Debug|Any CPU
		{C254FC0C-243F-44A9-9E5E-39D4B14BAC5E}.Debug|x64.ActiveCfg = Debug|Any CPU
		{C254FC0C-243F-44A9-9E5E-39D4B14BAC5E}.Debug|x64.Build.0 = Debug|Any CPU
		{C254FC0C-243F-44A9-9E5E-39D4B14BAC5E}.Debug|x86.ActiveCfg = Debug|Any CPU
		{C254FC0C-243F-44A9-9E5E-39D4B14BAC5E}.Debug|x86.Build.0 = Debug|Any CPU
		{C254FC0C-243F-44A9-9E5E-39D4B14BAC5E}.Release|Any CPU.ActiveCfg = Release|Any CPU
		{C254FC0C-243F-44A9-9E5E-39D4B14BAC5E}.Release|Any CPU.Build.0 = Release|Any CPU
		{C254FC0C-243F-44A9-9E5E-39D4B14BAC5E}.Release|x64.ActiveCfg = Release|Any CPU
		{C254FC0C-243F-44A9-9E5E-39D4B14BAC5E}.Release|x64.Build.0 = Release|Any CPU
		{C254FC0C-243F-44A9-9E5E-39D4B14BAC5E}.Release|x86.ActiveCfg = Release|Any CPU
		{C254FC0C-243F-44A9-9E5E-39D4B14BAC5E}.Release|x86.Build.0 = Release|Any CPU
		{ADDD46B3-FEEB-4545-BAD3-E4137FBF4D9C}.Debug|Any CPU.ActiveCfg = Debug|Any CPU
		{ADDD46B3-FEEB-4545-BAD3-E4137FBF4D9C}.Debug|Any CPU.Build.0 = Debug|Any CPU
		{ADDD46B3-FEEB-4545-BAD3-E4137FBF4D9C}.Debug|x64.ActiveCfg = Debug|Any CPU
		{ADDD46B3-FEEB-4545-BAD3-E4137FBF4D9C}.Debug|x64.Build.0 = Debug|Any CPU
		{ADDD46B3-FEEB-4545-BAD3-E4137FBF4D9C}.Debug|x86.ActiveCfg = Debug|Any CPU
		{ADDD46B3-FEEB-4545-BAD3-E4137FBF4D9C}.Debug|x86.Build.0 = Debug|Any CPU
		{ADDD46B3-FEEB-4545-BAD3-E4137FBF4D9C}.Release|Any CPU.ActiveCfg = Release|Any CPU
		{ADDD46B3-FEEB-4545-BAD3-E4137FBF4D9C}.Release|Any CPU.Build.0 = Release|Any CPU
		{ADDD46B3-FEEB-4545-BAD3-E4137FBF4D9C}.Release|x64.ActiveCfg = Release|Any CPU
		{ADDD46B3-FEEB-4545-BAD3-E4137FBF4D9C}.Release|x64.Build.0 = Release|Any CPU
		{ADDD46B3-FEEB-4545-BAD3-E4137FBF4D9C}.Release|x86.ActiveCfg = Release|Any CPU
		{ADDD46B3-FEEB-4545-BAD3-E4137FBF4D9C}.Release|x86.Build.0 = Release|Any CPU
	EndGlobalSection
	GlobalSection(SolutionProperties) = preSolution
		HideSolutionNode = FALSE
	EndGlobalSection
	GlobalSection(NestedProjects) = preSolution
		{8E0247FB-171D-4D47-B79E-556EE53C58B4} = {0AB3BF05-4346-4AA6-1389-037BE0695223}
	EndGlobalSection
	GlobalSection(ExtensibilityGlobals) = postSolution
		SolutionGuid = {E1916D47-0C58-4729-B354-225564423486}
	EndGlobalSection
EndGlobal
